
Microsoft Visual Studio Solution File, Format Version 12.00
# Visual Studio Version 17
VisualStudioVersion = 17.13.35828.75
MinimumVisualStudioVersion = 10.0.40219.1
Project("{FAE04EC0-301F-11D3-BF4B-00C04F79EFBC}") = "viko-api", "viko-api\viko-api.csproj", "{DC260B6D-9A29-4061-88E7-16F552E8475E}"
EndProject
Global
	GlobalSection(SolutionConfigurationPlatforms) = preSolution
		Debug|Any CPU = Debug|Any CPU
		Release|Any CPU = Release|Any CPU
	EndGlobalSection
	GlobalSection(ProjectConfigurationPlatforms) = postSolution
		{DC260B6D-9A29-4061-88E7-16F552E8475E}.Debug|Any CPU.ActiveCfg = Debug|Any CPU
		{DC260B6D-9A29-4061-88E7-16F552E8475E}.Debug|Any CPU.Build.0 = Debug|Any CPU
		{DC260B6D-9A29-4061-88E7-16F552E8475E}.Release|Any CPU.ActiveCfg = Release|Any CPU
		{DC260B6D-9A29-4061-88E7-16F552E8475E}.Release|Any CPU.Build.0 = Release|Any CPU
	EndGlobalSection
	GlobalSection(SolutionProperties) = preSolution
		HideSolutionNode = FALSE
	EndGlobalSection
	GlobalSection(ExtensibilityGlobals) = postSolution
		SolutionGuid = {8280B9C8-BC62-4442-B503-BACBB1993BF1}
	EndGlobalSection
EndGlobal
